// !$*UTF8*$!
{
	archiveVersion = 1;
	classes = {
	};
	objectVersion = 56;
	objects = {

/* Begin PBXBuildFile section */
		505940942A2F0D6F00176B9D /* ShavianApp.swift in Sources */ = {isa = PBXBuildFile; fileRef = 505940932A2F0D6F00176B9D /* ShavianApp.swift */; };
		505940962A2F0D6F00176B9D /* ContentView.swift in Sources */ = {isa = PBXBuildFile; fileRef = 505940952A2F0D6F00176B9D /* ContentView.swift */; };
		505940982A2F0D7000176B9D /* Assets.xcassets in Resources */ = {isa = PBXBuildFile; fileRef = 505940972A2F0D7000176B9D /* Assets.xcassets */; };
		5059409B2A2F0D7000176B9D /* Preview Assets.xcassets in Resources */ = {isa = PBXBuildFile; fileRef = 5059409A2A2F0D7000176B9D /* Preview Assets.xcassets */; };
		505940A52A2F0D7000176B9D /* ShavianTests.swift in Sources */ = {isa = PBXBuildFile; fileRef = 505940A42A2F0D7000176B9D /* ShavianTests.swift */; };
		505940AF2A2F0D7000176B9D /* ShavianUITests.swift in Sources */ = {isa = PBXBuildFile; fileRef = 505940AE2A2F0D7000176B9D /* ShavianUITests.swift */; };
		505940B12A2F0D7000176B9D /* ShavianUITestsLaunchTests.swift in Sources */ = {isa = PBXBuildFile; fileRef = 505940B02A2F0D7000176B9D /* ShavianUITestsLaunchTests.swift */; };
/* End PBXBuildFile section */

/* Begin PBXContainerItemProxy section */
		505940A12A2F0D7000176B9D /* PBXContainerItemProxy */ = {
			isa = PBXContainerItemProxy;
			containerPortal = 505940882A2F0D6F00176B9D /* Project object */;
			proxyType = 1;
			remoteGlobalIDString = 5059408F2A2F0D6F00176B9D;
			remoteInfo = Shavian;
		};
		505940AB2A2F0D7000176B9D /* PBXContainerItemProxy */ = {
			isa = PBXContainerItemProxy;
			containerPortal = 505940882A2F0D6F00176B9D /* Project object */;
			proxyType = 1;
			remoteGlobalIDString = 5059408F2A2F0D6F00176B9D;
			remoteInfo = Shavian;
		};
/* End PBXContainerItemProxy section */

/* Begin PBXFileReference section */
		505940902A2F0D6F00176B9D /* Shavian.app */ = {isa = PBXFileReference; explicitFileType = wrapper.application; includeInIndex = 0; path = Shavian.app; sourceTree = BUILT_PRODUCTS_DIR; };
		505940932A2F0D6F00176B9D /* ShavianApp.swift */ = {isa = PBXFileReference; lastKnownFileType = sourcecode.swift; path = ShavianApp.swift; sourceTree = "<group>"; };
		505940952A2F0D6F00176B9D /* ContentView.swift */ = {isa = PBXFileReference; lastKnownFileType = sourcecode.swift; path = ContentView.swift; sourceTree = "<group>"; };
		505940972A2F0D7000176B9D /* Assets.xcassets */ = {isa = PBXFileReference; lastKnownFileType = folder.assetcatalog; path = Assets.xcassets; sourceTree = "<group>"; };
		5059409A2A2F0D7000176B9D /* Preview Assets.xcassets */ = {isa = PBXFileReference; lastKnownFileType = folder.assetcatalog; path = "Preview Assets.xcassets"; sourceTree = "<group>"; };
		505940A02A2F0D7000176B9D /* ShavianTests.xctest */ = {isa = PBXFileReference; explicitFileType = wrapper.cfbundle; includeInIndex = 0; path = ShavianTests.xctest; sourceTree = BUILT_PRODUCTS_DIR; };
		505940A42A2F0D7000176B9D /* ShavianTests.swift */ = {isa = PBXFileReference; lastKnownFileType = sourcecode.swift; path = ShavianTests.swift; sourceTree = "<group>"; };
		505940AA2A2F0D7000176B9D /* ShavianUITests.xctest */ = {isa = PBXFileReference; explicitFileType = wrapper.cfbundle; includeInIndex = 0; path = ShavianUITests.xctest; sourceTree = BUILT_PRODUCTS_DIR; };
		505940AE2A2F0D7000176B9D /* ShavianUITests.swift */ = {isa = PBXFileReference; lastKnownFileType = sourcecode.swift; path = ShavianUITests.swift; sourceTree = "<group>"; };
		505940B02A2F0D7000176B9D /* ShavianUITestsLaunchTests.swift */ = {isa = PBXFileReference; lastKnownFileType = sourcecode.swift; path = ShavianUITestsLaunchTests.swift; sourceTree = "<group>"; };
/* End PBXFileReference section */

/* Begin PBXFrameworksBuildPhase section */
		5059408D2A2F0D6F00176B9D /* Frameworks */ = {
			isa = PBXFrameworksBuildPhase;
			buildActionMask = 2147483647;
			files = (
			);
			runOnlyForDeploymentPostprocessing = 0;
		};
		5059409D2A2F0D7000176B9D /* Frameworks */ = {
			isa = PBXFrameworksBuildPhase;
			buildActionMask = 2147483647;
			files = (
			);
			runOnlyForDeploymentPostprocessing = 0;
		};
		505940A72A2F0D7000176B9D /* Frameworks */ = {
			isa = PBXFrameworksBuildPhase;
			buildActionMask = 2147483647;
			files = (
			);
			runOnlyForDeploymentPostprocessing = 0;
		};
/* End PBXFrameworksBuildPhase section */

/* Begin PBXGroup section */
		505940872A2F0D6F00176B9D = {
			isa = PBXGroup;
			children = (
				505940922A2F0D6F00176B9D /* Shavian */,
				505940A32A2F0D7000176B9D /* ShavianTests */,
				505940AD2A2F0D7000176B9D /* ShavianUITests */,
				505940912A2F0D6F00176B9D /* Products */,
			);
			sourceTree = "<group>";
		};
		505940912A2F0D6F00176B9D /* Products */ = {
			isa = PBXGroup;
			children = (
				505940902A2F0D6F00176B9D /* Shavian.app */,
				505940A02A2F0D7000176B9D /* ShavianTests.xctest */,
				505940AA2A2F0D7000176B9D /* ShavianUITests.xctest */,
			);
			name = Products;
			sourceTree = "<group>";
		};
		505940922A2F0D6F00176B9D /* Shavian */ = {
			isa = PBXGroup;
			children = (
				505940932A2F0D6F00176B9D /* ShavianApp.swift */,
				505940952A2F0D6F00176B9D /* ContentView.swift */,
				505940972A2F0D7000176B9D /* Assets.xcassets */,
				505940992A2F0D7000176B9D /* Preview Content */,
			);
			path = Shavian;
			sourceTree = "<group>";
		};
		505940992A2F0D7000176B9D /* Preview Content */ = {
			isa = PBXGroup;
			children = (
				5059409A2A2F0D7000176B9D /* Preview Assets.xcassets */,
			);
			path = "Preview Content";
			sourceTree = "<group>";
		};
		505940A32A2F0D7000176B9D /* ShavianTests */ = {
			isa = PBXGroup;
			children = (
				505940A42A2F0D7000176B9D /* ShavianTests.swift */,
			);
			path = ShavianTests;
			sourceTree = "<group>";
		};
		505940AD2A2F0D7000176B9D /* ShavianUITests */ = {
			isa = PBXGroup;
			children = (
				505940AE2A2F0D7000176B9D /* ShavianUITests.swift */,
				505940B02A2F0D7000176B9D /* ShavianUITestsLaunchTests.swift */,
			);
			path = ShavianUITests;
			sourceTree = "<group>";
		};
/* End PBXGroup section */

/* Begin PBXNativeTarget section */
		5059408F2A2F0D6F00176B9D /* Shavian */ = {
			isa = PBXNativeTarget;
			buildConfigurationList = 505940B42A2F0D7000176B9D /* Build configuration list for PBXNativeTarget "Shavian" */;
			buildPhases = (
				5059408C2A2F0D6F00176B9D /* Sources */,
				5059408D2A2F0D6F00176B9D /* Frameworks */,
				5059408E2A2F0D6F00176B9D /* Resources */,
			);
			buildRules = (
			);
			dependencies = (
			);
			name = Shavian;
			productName = Shavian;
			productReference = 505940902A2F0D6F00176B9D /* Shavian.app */;
			productType = "com.apple.product-type.application";
		};
		5059409F2A2F0D7000176B9D /* ShavianTests */ = {
			isa = PBXNativeTarget;
			buildConfigurationList = 505940B72A2F0D7000176B9D /* Build configuration list for PBXNativeTarget "ShavianTests" */;
			buildPhases = (
				5059409C2A2F0D7000176B9D /* Sources */,
				5059409D2A2F0D7000176B9D /* Frameworks */,
				5059409E2A2F0D7000176B9D /* Resources */,
			);
			buildRules = (
			);
			dependencies = (
				505940A22A2F0D7000176B9D /* PBXTargetDependency */,
			);
			name = ShavianTests;
			productName = ShavianTests;
			productReference = 505940A02A2F0D7000176B9D /* ShavianTests.xctest */;
			productType = "com.apple.product-type.bundle.unit-test";
		};
		505940A92A2F0D7000176B9D /* ShavianUITests */ = {
			isa = PBXNativeTarget;
			buildConfigurationList = 505940BA2A2F0D7000176B9D /* Build configuration list for PBXNativeTarget "ShavianUITests" */;
			buildPhases = (
				505940A62A2F0D7000176B9D /* Sources */,
				505940A72A2F0D7000176B9D /* Frameworks */,
				505940A82A2F0D7000176B9D /* Resources */,
			);
			buildRules = (
			);
			dependencies = (
				505940AC2A2F0D7000176B9D /* PBXTargetDependency */,
			);
			name = ShavianUITests;
			productName = ShavianUITests;
			productReference = 505940AA2A2F0D7000176B9D /* ShavianUITests.xctest */;
			productType = "com.apple.product-type.bundle.ui-testing";
		};
/* End PBXNativeTarget section */

/* Begin PBXProject section */
		505940882A2F0D6F00176B9D /* Project object */ = {
			isa = PBXProject;
			attributes = {
				BuildIndependentTargetsInParallel = 1;
				LastSwiftUpdateCheck = 1430;
				LastUpgradeCheck = 1430;
				TargetAttributes = {
					5059408F2A2F0D6F00176B9D = {
						CreatedOnToolsVersion = 14.3.1;
					};
					5059409F2A2F0D7000176B9D = {
						CreatedOnToolsVersion = 14.3.1;
						TestTargetID = 5059408F2A2F0D6F00176B9D;
					};
					505940A92A2F0D7000176B9D = {
						CreatedOnToolsVersion = 14.3.1;
						TestTargetID = 5059408F2A2F0D6F00176B9D;
					};
				};
			};
			buildConfigurationList = 5059408B2A2F0D6F00176B9D /* Build configuration list for PBXProject "Shavian" */;
			compatibilityVersion = "Xcode 14.0";
			developmentRegion = en;
			hasScannedForEncodings = 0;
			knownRegions = (
				en,
				Base,
			);
			mainGroup = 505940872A2F0D6F00176B9D;
			productRefGroup = 505940912A2F0D6F00176B9D /* Products */;
			projectDirPath = "";
			projectRoot = "";
			targets = (
				5059408F2A2F0D6F00176B9D /* Shavian */,
				5059409F2A2F0D7000176B9D /* ShavianTests */,
				505940A92A2F0D7000176B9D /* ShavianUITests */,
			);
		};
/* End PBXProject section */

/* Begin PBXResourcesBuildPhase section */
		5059408E2A2F0D6F00176B9D /* Resources */ = {
			isa = PBXResourcesBuildPhase;
			buildActionMask = 2147483647;
			files = (
				5059409B2A2F0D7000176B9D /* Preview Assets.xcassets in Resources */,
				505940982A2F0D7000176B9D /* Assets.xcassets in Resources */,
			);
			runOnlyForDeploymentPostprocessing = 0;
		};
		5059409E2A2F0D7000176B9D /* Resources */ = {
			isa = PBXResourcesBuildPhase;
			buildActionMask = 2147483647;
			files = (
			);
			runOnlyForDeploymentPostprocessing = 0;
		};
		505940A82A2F0D7000176B9D /* Resources */ = {
			isa = PBXResourcesBuildPhase;
			buildActionMask = 2147483647;
			files = (
			);
			runOnlyForDeploymentPostprocessing = 0;
		};
/* End PBXResourcesBuildPhase section */

/* Begin PBXSourcesBuildPhase section */
		5059408C2A2F0D6F00176B9D /* Sources */ = {
			isa = PBXSourcesBuildPhase;
			buildActionMask = 2147483647;
			files = (
				505940962A2F0D6F00176B9D /* ContentView.swift in Sources */,
				505940942A2F0D6F00176B9D /* ShavianApp.swift in Sources */,
			);
			runOnlyForDeploymentPostprocessing = 0;
		};
		5059409C2A2F0D7000176B9D /* Sources */ = {
			isa = PBXSourcesBuildPhase;
			buildActionMask = 2147483647;
			files = (
				505940A52A2F0D7000176B9D /* ShavianTests.swift in Sources */,
			);
			runOnlyForDeploymentPostprocessing = 0;
		};
		505940A62A2F0D7000176B9D /* Sources */ = {
			isa = PBXSourcesBuildPhase;
			buildActionMask = 2147483647;
			files = (
				505940AF2A2F0D7000176B9D /* ShavianUITests.swift in Sources */,
				505940B12A2F0D7000176B9D /* ShavianUITestsLaunchTests.swift in Sources */,
			);
			runOnlyForDeploymentPostprocessing = 0;
		};
/* End PBXSourcesBuildPhase section */

/* Begin PBXTargetDependency section */
		505940A22A2F0D7000176B9D /* PBXTargetDependency */ = {
			isa = PBXTargetDependency;
			target = 5059408F2A2F0D6F00176B9D /* Shavian */;
			targetProxy = 505940A12A2F0D7000176B9D /* PBXContainerItemProxy */;
		};
		505940AC2A2F0D7000176B9D /* PBXTargetDependency */ = {
			isa = PBXTargetDependency;
			target = 5059408F2A2F0D6F00176B9D /* Shavian */;
			targetProxy = 505940AB2A2F0D7000176B9D /* PBXContainerItemProxy */;
		};
/* End PBXTargetDependency section */

/* Begin XCBuildConfiguration section */
		505940B22A2F0D7000176B9D /* Debug */ = {
			isa = XCBuildConfiguration;
			buildSettings = {
				ALWAYS_SEARCH_USER_PATHS = NO;
				CLANG_ANALYZER_NONNULL = YES;
				CLANG_ANALYZER_NUMBER_OBJECT_CONVERSION = YES_AGGRESSIVE;
				CLANG_CXX_LANGUAGE_STANDARD = "gnu++20";
				CLANG_ENABLE_MODULES = YES;
				CLANG_ENABLE_OBJC_ARC = YES;
				CLANG_ENABLE_OBJC_WEAK = YES;
				CLANG_WARN_BLOCK_CAPTURE_AUTORELEASING = YES;
				CLANG_WARN_BOOL_CONVERSION = YES;
				CLANG_WARN_COMMA = YES;
				CLANG_WARN_CONSTANT_CONVERSION = YES;
				CLANG_WARN_DEPRECATED_OBJC_IMPLEMENTATIONS = YES;
				CLANG_WARN_DIRECT_OBJC_ISA_USAGE = YES_ERROR;
				CLANG_WARN_DOCUMENTATION_COMMENTS = YES;
				CLANG_WARN_EMPTY_BODY = YES;
				CLANG_WARN_ENUM_CONVERSION = YES;
				CLANG_WARN_INFINITE_RECURSION = YES;
				CLANG_WARN_INT_CONVERSION = YES;
				CLANG_WARN_NON_LITERAL_NULL_CONVERSION = YES;
				CLANG_WARN_OBJC_IMPLICIT_RETAIN_SELF = YES;
				CLANG_WARN_OBJC_LITERAL_CONVERSION = YES;
				CLANG_WARN_OBJC_ROOT_CLASS = YES_ERROR;
				CLANG_WARN_QUOTED_INCLUDE_IN_FRAMEWORK_HEADER = YES;
				CLANG_WARN_RANGE_LOOP_ANALYSIS = YES;
				CLANG_WARN_STRICT_PROTOTYPES = YES;
				CLANG_WARN_SUSPICIOUS_MOVE = YES;
				CLANG_WARN_UNGUARDED_AVAILABILITY = YES_AGGRESSIVE;
				CLANG_WARN_UNREACHABLE_CODE = YES;
				CLANG_WARN__DUPLICATE_METHOD_MATCH = YES;
				COPY_PHASE_STRIP = NO;
				DEBUG_INFORMATION_FORMAT = dwarf;
				ENABLE_STRICT_OBJC_MSGSEND = YES;
				ENABLE_TESTABILITY = YES;
				GCC_C_LANGUAGE_STANDARD = gnu11;
				GCC_DYNAMIC_NO_PIC = NO;
				GCC_NO_COMMON_BLOCKS = YES;
				GCC_OPTIMIZATION_LEVEL = 0;
				GCC_PREPROCESSOR_DEFINITIONS = (
					"DEBUG=1",
					"$(inherited)",
				);
				GCC_WARN_64_TO_32_BIT_CONVERSION = YES;
				GCC_WARN_ABOUT_RETURN_TYPE = YES_ERROR;
				GCC_WARN_UNDECLARED_SELECTOR = YES;
				GCC_WARN_UNINITIALIZED_AUTOS = YES_AGGRESSIVE;
				GCC_WARN_UNUSED_FUNCTION = YES;
				GCC_WARN_UNUSED_VARIABLE = YES;
				IPHONEOS_DEPLOYMENT_TARGET = 16.4;
				MTL_ENABLE_DEBUG_INFO = INCLUDE_SOURCE;
				MTL_FAST_MATH = YES;
				ONLY_ACTIVE_ARCH = YES;
				SDKROOT = iphoneos;
				SWIFT_ACTIVE_COMPILATION_CONDITIONS = DEBUG;
				SWIFT_OPTIMIZATION_LEVEL = "-Onone";
			};
			name = Debug;
		};
		505940B32A2F0D7000176B9D /* Release */ = {
			isa = XCBuildConfiguration;
			buildSettings = {
				ALWAYS_SEARCH_USER_PATHS = NO;
				CLANG_ANALYZER_NONNULL = YES;
				CLANG_ANALYZER_NUMBER_OBJECT_CONVERSION = YES_AGGRESSIVE;
				CLANG_CXX_LANGUAGE_STANDARD = "gnu++20";
				CLANG_ENABLE_MODULES = YES;
				CLANG_ENABLE_OBJC_ARC = YES;
				CLANG_ENABLE_OBJC_WEAK = YES;
				CLANG_WARN_BLOCK_CAPTURE_AUTORELEASING = YES;
				CLANG_WARN_BOOL_CONVERSION = YES;
				CLANG_WARN_COMMA = YES;
				CLANG_WARN_CONSTANT_CONVERSION = YES;
				CLANG_WARN_DEPRECATED_OBJC_IMPLEMENTATIONS = YES;
				CLANG_WARN_DIRECT_OBJC_ISA_USAGE = YES_ERROR;
				CLANG_WARN_DOCUMENTATION_COMMENTS = YES;
				CLANG_WARN_EMPTY_BODY = YES;
				CLANG_WARN_ENUM_CONVERSION = YES;
				CLANG_WARN_INFINITE_RECURSION = YES;
				CLANG_WARN_INT_CONVERSION = YES;
				CLANG_WARN_NON_LITERAL_NULL_CONVERSION = YES;
				CLANG_WARN_OBJC_IMPLICIT_RETAIN_SELF = YES;
				CLANG_WARN_OBJC_LITERAL_CONVERSION = YES;
				CLANG_WARN_OBJC_ROOT_CLASS = YES_ERROR;
				CLANG_WARN_QUOTED_INCLUDE_IN_FRAMEWORK_HEADER = YES;
				CLANG_WARN_RANGE_LOOP_ANALYSIS = YES;
				CLANG_WARN_STRICT_PROTOTYPES = YES;
				CLANG_WARN_SUSPICIOUS_MOVE = YES;
				CLANG_WARN_UNGUARDED_AVAILABILITY = YES_AGGRESSIVE;
				CLANG_WARN_UNREACHABLE_CODE = YES;
				CLANG_WARN__DUPLICATE_METHOD_MATCH = YES;
				COPY_PHASE_STRIP = NO;
				DEBUG_INFORMATION_FORMAT = "dwarf-with-dsym";
				ENABLE_NS_ASSERTIONS = NO;
				ENABLE_STRICT_OBJC_MSGSEND = YES;
				GCC_C_LANGUAGE_STANDARD = gnu11;
				GCC_NO_COMMON_BLOCKS = YES;
				GCC_WARN_64_TO_32_BIT_CONVERSION = YES;
				GCC_WARN_ABOUT_RETURN_TYPE = YES_ERROR;
				GCC_WARN_UNDECLARED_SELECTOR = YES;
				GCC_WARN_UNINITIALIZED_AUTOS = YES_AGGRESSIVE;
				GCC_WARN_UNUSED_FUNCTION = YES;
				GCC_WARN_UNUSED_VARIABLE = YES;
				IPHONEOS_DEPLOYMENT_TARGET = 16.4;
				MTL_ENABLE_DEBUG_INFO = NO;
				MTL_FAST_MATH = YES;
				SDKROOT = iphoneos;
				SWIFT_COMPILATION_MODE = wholemodule;
				SWIFT_OPTIMIZATION_LEVEL = "-O";
				VALIDATE_PRODUCT = YES;
			};
			name = Release;
		};
		505940B52A2F0D7000176B9D /* Debug */ = {
			isa = XCBuildConfiguration;
			buildSettings = {
				ASSETCATALOG_COMPILER_APPICON_NAME = AppIcon;
				ASSETCATALOG_COMPILER_GLOBAL_ACCENT_COLOR_NAME = AccentColor;
				CODE_SIGN_STYLE = Automatic;
				CURRENT_PROJECT_VERSION = 1;
				DEVELOPMENT_ASSET_PATHS = "\"Shavian/Preview Content\"";
				DEVELOPMENT_TEAM = 665Q4H9M2F;
				ENABLE_PREVIEWS = YES;
				GENERATE_INFOPLIST_FILE = YES;
				INFOPLIST_KEY_UIApplicationSceneManifest_Generation = YES;
				INFOPLIST_KEY_UIApplicationSupportsIndirectInputEvents = YES;
				INFOPLIST_KEY_UILaunchScreen_Generation = YES;
				INFOPLIST_KEY_UISupportedInterfaceOrientations_iPad = "UIInterfaceOrientationPortrait UIInterfaceOrientationPortraitUpsideDown UIInterfaceOrientationLandscapeLeft UIInterfaceOrientationLandscapeRight";
				INFOPLIST_KEY_UISupportedInterfaceOrientations_iPhone = "UIInterfaceOrientationPortrait UIInterfaceOrientationLandscapeLeft UIInterfaceOrientationLandscapeRight";
				LD_RUNPATH_SEARCH_PATHS = (
					"$(inherited)",
					"@executable_path/Frameworks",
				);
				MARKETING_VERSION = 1.0;
				PRODUCT_BUNDLE_IDENTIFIER = com.brbl.Shavian;
				PRODUCT_NAME = "$(TARGET_NAME)";
				SWIFT_EMIT_LOC_STRINGS = YES;
				SWIFT_VERSION = 5.0;
				TARGETED_DEVICE_FAMILY = "1,2";
			};
			name = Debug;
		};
		505940B62A2F0D7000176B9D /* Release */ = {
			isa = XCBuildConfiguration;
			buildSettings = {
				ASSETCATALOG_COMPILER_APPICON_NAME = AppIcon;
				ASSETCATALOG_COMPILER_GLOBAL_ACCENT_COLOR_NAME = AccentColor;
				CODE_SIGN_STYLE = Automatic;
				CURRENT_PROJECT_VERSION = 1;
				DEVELOPMENT_ASSET_PATHS = "\"Shavian/Preview Content\"";
				DEVELOPMENT_TEAM = 665Q4H9M2F;
				ENABLE_PREVIEWS = YES;
				GENERATE_INFOPLIST_FILE = YES;
				INFOPLIST_KEY_UIApplicationSceneManifest_Generation = YES;
				INFOPLIST_KEY_UIApplicationSupportsIndirectInputEvents = YES;
				INFOPLIST_KEY_UILaunchScreen_Generation = YES;
				INFOPLIST_KEY_UISupportedInterfaceOrientations_iPad = "UIInterfaceOrientationPortrait UIInterfaceOrientationPortraitUpsideDown UIInterfaceOrientationLandscapeLeft UIInterfaceOrientationLandscapeRight";
				INFOPLIST_KEY_UISupportedInterfaceOrientations_iPhone = "UIInterfaceOrientationPortrait UIInterfaceOrientationLandscapeLeft UIInterfaceOrientationLandscapeRight";
				LD_RUNPATH_SEARCH_PATHS = (
					"$(inherited)",
					"@executable_path/Frameworks",
				);
				MARKETING_VERSION = 1.0;
				PRODUCT_BUNDLE_IDENTIFIER = com.brbl.Shavian;
				PRODUCT_NAME = "$(TARGET_NAME)";
				SWIFT_EMIT_LOC_STRINGS = YES;
				SWIFT_VERSION = 5.0;
				TARGETED_DEVICE_FAMILY = "1,2";
			};
			name = Release;
		};
		505940B82A2F0D7000176B9D /* Debug */ = {
			isa = XCBuildConfiguration;
			buildSettings = {
				ALWAYS_EMBED_SWIFT_STANDARD_LIBRARIES = YES;
				BUNDLE_LOADER = "$(TEST_HOST)";
				CODE_SIGN_STYLE = Automatic;
				CURRENT_PROJECT_VERSION = 1;
				DEVELOPMENT_TEAM = 665Q4H9M2F;
				GENERATE_INFOPLIST_FILE = YES;
				IPHONEOS_DEPLOYMENT_TARGET = 16.4;
				MARKETING_VERSION = 1.0;
				PRODUCT_BUNDLE_IDENTIFIER = com.brbl.ShavianTests;
				PRODUCT_NAME = "$(TARGET_NAME)";
				SWIFT_EMIT_LOC_STRINGS = NO;
				SWIFT_VERSION = 5.0;
				TARGETED_DEVICE_FAMILY = "1,2";
				TEST_HOST = "$(BUILT_PRODUCTS_DIR)/Shavian.app/$(BUNDLE_EXECUTABLE_FOLDER_PATH)/Shavian";
			};
			name = Debug;
		};
		505940B92A2F0D7000176B9D /* Release */ = {
			isa = XCBuildConfiguration;
			buildSettings = {
				ALWAYS_EMBED_SWIFT_STANDARD_LIBRARIES = YES;
				BUNDLE_LOADER = "$(TEST_HOST)";
				CODE_SIGN_STYLE = Automatic;
				CURRENT_PROJECT_VERSION = 1;
				DEVELOPMENT_TEAM = 665Q4H9M2F;
				GENERATE_INFOPLIST_FILE = YES;
				IPHONEOS_DEPLOYMENT_TARGET = 16.4;
				MARKETING_VERSION = 1.0;
				PRODUCT_BUNDLE_IDENTIFIER = com.brbl.ShavianTests;
				PRODUCT_NAME = "$(TARGET_NAME)";
				SWIFT_EMIT_LOC_STRINGS = NO;
				SWIFT_VERSION = 5.0;
				TARGETED_DEVICE_FAMILY = "1,2";
				TEST_HOST = "$(BUILT_PRODUCTS_DIR)/Shavian.app/$(BUNDLE_EXECUTABLE_FOLDER_PATH)/Shavian";
			};
			name = Release;
		};
		505940BB2A2F0D7000176B9D /* Debug */ = {
			isa = XCBuildConfiguration;
			buildSettings = {
				ALWAYS_EMBED_SWIFT_STANDARD_LIBRARIES = YES;
				CODE_SIGN_STYLE = Automatic;
				CURRENT_PROJECT_VERSION = 1;
				DEVELOPMENT_TEAM = 665Q4H9M2F;
				GENERATE_INFOPLIST_FILE = YES;
				MARKETING_VERSION = 1.0;
				PRODUCT_BUNDLE_IDENTIFIER = com.brbl.ShavianUITests;
				PRODUCT_NAME = "$(TARGET_NAME)";
				SWIFT_EMIT_LOC_STRINGS = NO;
				SWIFT_VERSION = 5.0;
				TARGETED_DEVICE_FAMILY = "1,2";
				TEST_TARGET_NAME = Shavian;
			};
			name = Debug;
		};
		505940BC2A2F0D7000176B9D /* Release */ = {
			isa = XCBuildConfiguration;
			buildSettings = {
				ALWAYS_EMBED_SWIFT_STANDARD_LIBRARIES = YES;
				CODE_SIGN_STYLE = Automatic;
				CURRENT_PROJECT_VERSION = 1;
				DEVELOPMENT_TEAM = 665Q4H9M2F;
				GENERATE_INFOPLIST_FILE = YES;
				MARKETING_VERSION = 1.0;
				PRODUCT_BUNDLE_IDENTIFIER = com.brbl.ShavianUITests;
				PRODUCT_NAME = "$(TARGET_NAME)";
				SWIFT_EMIT_LOC_STRINGS = NO;
				SWIFT_VERSION = 5.0;
				TARGETED_DEVICE_FAMILY = "1,2";
				TEST_TARGET_NAME = Shavian;
			};
			name = Release;
		};
/* End XCBuildConfiguration section */

/* Begin XCConfigurationList section */
		5059408B2A2F0D6F00176B9D /* Build configuration list for PBXProject "Shavian" */ = {
			isa = XCConfigurationList;
			buildConfigurations = (
				505940B22A2F0D7000176B9D /* Debug */,
				505940B32A2F0D7000176B9D /* Release */,
			);
			defaultConfigurationIsVisible = 0;
			defaultConfigurationName = Release;
		};
		505940B42A2F0D7000176B9D /* Build configuration list for PBXNativeTarget "Shavian" */ = {
			isa = XCConfigurationList;
			buildConfigurations = (
				505940B52A2F0D7000176B9D /* Debug */,
				505940B62A2F0D7000176B9D /* Release */,
			);
			defaultConfigurationIsVisible = 0;
			defaultConfigurationName = Release;
		};
		505940B72A2F0D7000176B9D /* Build configuration list for PBXNativeTarget "ShavianTests" */ = {
			isa = XCConfigurationList;
			buildConfigurations = (
				505940B82A2F0D7000176B9D /* Debug */,
				505940B92A2F0D7000176B9D /* Release */,
			);
			defaultConfigurationIsVisible = 0;
			defaultConfigurationName = Release;
		};
		505940BA2A2F0D7000176B9D /* Build configuration list for PBXNativeTarget "ShavianUITests" */ = {
			isa = XCConfigurationList;
			buildConfigurations = (
				505940BB2A2F0D7000176B9D /* Debug */,
				505940BC2A2F0D7000176B9D /* Release */,
			);
			defaultConfigurationIsVisible = 0;
			defaultConfigurationName = Release;
		};
/* End XCConfigurationList section */
	};
	rootObject = 505940882A2F0D6F00176B9D /* Project object */;
}
